
Microsoft Visual Studio Solution File, Format Version 12.00
# Visual Studio 15
VisualStudioVersion = 15.0.26124.0
MinimumVisualStudioVersion = 15.0.26124.0
Project("{FAE04EC0-301F-11D3-BF4B-00C04F79EFBC}") = "Domain", "Domain\Domain.csproj", "{FB299C71-3130-4869-8451-02035EE8DEB9}"
EndProject
Project("{FAE04EC0-301F-11D3-BF4B-00C04F79EFBC}") = "Application", "Application\Application.csproj", "{29107920-4E73-442D-ACE8-C5CC93CDE4C9}"
EndProject
Project("{FAE04EC0-301F-11D3-BF4B-00C04F79EFBC}") = "Persistence", "Persistence\Persistence.csproj", "{ADF47888-5A8D-4337-AA3E-14DA2318A26A}"
EndProject
Project("{FAE04EC0-301F-11D3-BF4B-00C04F79EFBC}") = "API", "API\API.csproj", "{AF53B861-282A-4F39-A12C-7F5140BBF3BC}"
EndProject
Global
	GlobalSection(SolutionConfigurationPlatforms) = preSolution
		Debug|Any CPU = Debug|Any CPU
		Debug|x64 = Debug|x64
		Debug|x86 = Debug|x86
		Release|Any CPU = Release|Any CPU
		Release|x64 = Release|x64
		Release|x86 = Release|x86
	EndGlobalSection
	GlobalSection(SolutionProperties) = preSolution
		HideSolutionNode = FALSE
	EndGlobalSection
	GlobalSection(ProjectConfigurationPlatforms) = postSolution
		{FB299C71-3130-4869-8451-02035EE8DEB9}.Debug|Any CPU.ActiveCfg = Debug|Any CPU
		{FB299C71-3130-4869-8451-02035EE8DEB9}.Debug|Any CPU.Build.0 = Debug|Any CPU
		{FB299C71-3130-4869-8451-02035EE8DEB9}.Debug|x64.ActiveCfg = Debug|Any CPU
		{FB299C71-3130-4869-8451-02035EE8DEB9}.Debug|x64.Build.0 = Debug|Any CPU
		{FB299C71-3130-4869-8451-02035EE8DEB9}.Debug|x86.ActiveCfg = Debug|Any CPU
		{FB299C71-3130-4869-8451-02035EE8DEB9}.Debug|x86.Build.0 = Debug|Any CPU
		{FB299C71-3130-4869-8451-02035EE8DEB9}.Release|Any CPU.ActiveCfg = Release|Any CPU
		{FB299C71-3130-4869-8451-02035EE8DEB9}.Release|Any CPU.Build.0 = Release|Any CPU
		{FB299C71-3130-4869-8451-02035EE8DEB9}.Release|x64.ActiveCfg = Release|Any CPU
		{FB299C71-3130-4869-8451-02035EE8DEB9}.Release|x64.Build.0 = Release|Any CPU
		{FB299C71-3130-4869-8451-02035EE8DEB9}.Release|x86.ActiveCfg = Release|Any CPU
		{FB299C71-3130-4869-8451-02035EE8DEB9}.Release|x86.Build.0 = Release|Any CPU
		{29107920-4E73-442D-ACE8-C5CC93CDE4C9}.Debug|Any CPU.ActiveCfg = Debug|Any CPU
		{29107920-4E73-442D-ACE8-C5CC93CDE4C9}.Debug|Any CPU.Build.0 = Debug|Any CPU
		{29107920-4E73-442D-ACE8-C5CC93CDE4C9}.Debug|x64.ActiveCfg = Debug|Any CPU
		{29107920-4E73-442D-ACE8-C5CC93CDE4C9}.Debug|x64.Build.0 = Debug|Any CPU
		{29107920-4E73-442D-ACE8-C5CC93CDE4C9}.Debug|x86.ActiveCfg = Debug|Any CPU
		{29107920-4E73-442D-ACE8-C5CC93CDE4C9}.Debug|x86.Build.0 = Debug|Any CPU
		{29107920-4E73-442D-ACE8-C5CC93CDE4C9}.Release|Any CPU.ActiveCfg = Release|Any CPU
		{29107920-4E73-442D-ACE8-C5CC93CDE4C9}.Release|Any CPU.Build.0 = Release|Any CPU
		{29107920-4E73-442D-ACE8-C5CC93CDE4C9}.Release|x64.ActiveCfg = Release|Any CPU
		{29107920-4E73-442D-ACE8-C5CC93CDE4C9}.Release|x64.Build.0 = Release|Any CPU
		{29107920-4E73-442D-ACE8-C5CC93CDE4C9}.Release|x86.ActiveCfg = Release|Any CPU
		{29107920-4E73-442D-ACE8-C5CC93CDE4C9}.Release|x86.Build.0 = Release|Any CPU
		{ADF47888-5A8D-4337-AA3E-14DA2318A26A}.Debug|Any CPU.ActiveCfg = Debug|Any CPU
		{ADF47888-5A8D-4337-AA3E-14DA2318A26A}.Debug|Any CPU.Build.0 = Debug|Any CPU
		{ADF47888-5A8D-4337-AA3E-14DA2318A26A}.Debug|x64.ActiveCfg = Debug|Any CPU
		{ADF47888-5A8D-4337-AA3E-14DA2318A26A}.Debug|x64.Build.0 = Debug|Any CPU
		{ADF47888-5A8D-4337-AA3E-14DA2318A26A}.Debug|x86.ActiveCfg = Debug|Any CPU
		{ADF47888-5A8D-4337-AA3E-14DA2318A26A}.Debug|x86.Build.0 = Debug|Any CPU
		{ADF47888-5A8D-4337-AA3E-14DA2318A26A}.Release|Any CPU.ActiveCfg = Release|Any CPU
		{ADF47888-5A8D-4337-AA3E-14DA2318A26A}.Release|Any CPU.Build.0 = Release|Any CPU
		{ADF47888-5A8D-4337-AA3E-14DA2318A26A}.Release|x64.ActiveCfg = Release|Any CPU
		{ADF47888-5A8D-4337-AA3E-14DA2318A26A}.Release|x64.Build.0 = Release|Any CPU
		{ADF47888-5A8D-4337-AA3E-14DA2318A26A}.Release|x86.ActiveCfg = Release|Any CPU
		{ADF47888-5A8D-4337-AA3E-14DA2318A26A}.Release|x86.Build.0 = Release|Any CPU
		{AF53B861-282A-4F39-A12C-7F5140BBF3BC}.Debug|Any CPU.ActiveCfg = Debug|Any CPU
		{AF53B861-282A-4F39-A12C-7F5140BBF3BC}.Debug|Any CPU.Build.0 = Debug|Any CPU
		{AF53B861-282A-4F39-A12C-7F5140BBF3BC}.Debug|x64.ActiveCfg = Debug|Any CPU
		{AF53B861-282A-4F39-A12C-7F5140BBF3BC}.Debug|x64.Build.0 = Debug|Any CPU
		{AF53B861-282A-4F39-A12C-7F5140BBF3BC}.Debug|x86.ActiveCfg = Debug|Any CPU
		{AF53B861-282A-4F39-A12C-7F5140BBF3BC}.Debug|x86.Build.0 = Debug|Any CPU
		{AF53B861-282A-4F39-A12C-7F5140BBF3BC}.Release|Any CPU.ActiveCfg = Release|Any CPU
		{AF53B861-282A-4F39-A12C-7F5140BBF3BC}.Release|Any CPU.Build.0 = Release|Any CPU
		{AF53B861-282A-4F39-A12C-7F5140BBF3BC}.Release|x64.ActiveCfg = Release|Any CPU
		{AF53B861-282A-4F39-A12C-7F5140BBF3BC}.Release|x64.Build.0 = Release|Any CPU
		{AF53B861-282A-4F39-A12C-7F5140BBF3BC}.Release|x86.ActiveCfg = Release|Any CPU
		{AF53B861-282A-4F39-A12C-7F5140BBF3BC}.Release|x86.Build.0 = Release|Any CPU
	EndGlobalSection
EndGlobal
